
Microsoft Visual Studio Solution File, Format Version 12.00
# Visual Studio 15
VisualStudioVersion = 15.0.26228.4
MinimumVisualStudioVersion = 10.0.40219.1
Project("{FAE04EC0-301F-11D3-BF4B-00C04F79EFBC}") = "SearchReplaceRename", "SearchReplaceRename.csproj", "{D19BF085-724C-49E7-B3CE-7F4340D966AA}"
EndProject
Project("{2150E333-8FDC-42A3-9474-1A3956D46DE8}") = "Solution Items", "Solution Items", "{47117DE7-5D09-4DC9-B15C-E039C83EFE7A}"
	ProjectSection(SolutionItems) = preProject
		LICENSE. = LICENSE.
	EndProjectSection
EndProject
Global
	GlobalSection(SolutionConfigurationPlatforms) = preSolution
		Debug|x86 = Debug|x86
		Release|x86 = Release|x86
	EndGlobalSection
	GlobalSection(ProjectConfigurationPlatforms) = postSolution
		{D19BF085-724C-49E7-B3CE-7F4340D966AA}.Debug|x86.ActiveCfg = Debug|x86
		{D19BF085-724C-49E7-B3CE-7F4340D966AA}.Debug|x86.Build.0 = Debug|x86
		{D19BF085-724C-49E7-B3CE-7F4340D966AA}.Release|x86.ActiveCfg = Release|x86
		{D19BF085-724C-49E7-B3CE-7F4340D966AA}.Release|x86.Build.0 = Release|x86
	EndGlobalSection
	GlobalSection(SolutionProperties) = preSolution
		HideSolutionNode = FALSE
	EndGlobalSection
EndGlobal
